
Microsoft Visual Studio Solution File, Format Version 12.00
# Visual Studio Version 16
VisualStudioVersion = 16.0.31624.102
MinimumVisualStudioVersion = 10.0.40219.1
Project("{FAE04EC0-301F-11D3-BF4B-00C04F79EFBC}") = "WpfApp4", "WpfApp4\WpfApp4.csproj", "{52766DE1-4307-425B-995A-46E7E18C4AE0}"
EndProject
Global
	GlobalSection(SolutionConfigurationPlatforms) = preSolution
		Debug|Any CPU = Debug|Any CPU
		Release|Any CPU = Release|Any CPU
	EndGlobalSection
	GlobalSection(ProjectConfigurationPlatforms) = postSolution
		{52766DE1-4307-425B-995A-46E7E18C4AE0}.Debug|Any CPU.ActiveCfg = Debug|Any CPU
		{52766DE1-4307-425B-995A-46E7E18C4AE0}.Debug|Any CPU.Build.0 = Debug|Any CPU
		{52766DE1-4307-425B-995A-46E7E18C4AE0}.Release|Any CPU.ActiveCfg = Release|Any CPU
		{52766DE1-4307-425B-995A-46E7E18C4AE0}.Release|Any CPU.Build.0 = Release|Any CPU
	EndGlobalSection
	GlobalSection(SolutionProperties) = preSolution
		HideSolutionNode = FALSE
	EndGlobalSection
	GlobalSection(ExtensibilityGlobals) = postSolution
		SolutionGuid = {FB98B7E8-15E3-4866-AA11-856A13DA67D3}
	EndGlobalSection
EndGlobal
